
Microsoft Visual Studio Solution File, Format Version 12.00
# Visual Studio 14
VisualStudioVersion = 14.0.22823.1
MinimumVisualStudioVersion = 10.0.40219.1
Project("{FAE04EC0-301F-11D3-BF4B-00C04F79EFBC}") = "Polly.Net35", "src\Polly.Net35\Polly.Net35.csproj", "{839C8F41-292D-486C-815B-ACE7F03467E3}"
EndProject
Project("{2150E333-8FDC-42A3-9474-1A3956D46DE8}") = "Solution Items", "Solution Items", "{67DE5201-A735-4C13-B528-488231ED01A8}"
	ProjectSection(SolutionItems) = preProject
		build.ps1 = build.ps1
		CHANGELOG.md = CHANGELOG.md
		LICENSE.txt = LICENSE.txt
		Polly.nuspec = Polly.nuspec
		README.md = README.md
		SolutionAssemblyInfo.cs = SolutionAssemblyInfo.cs
		SolutionVersion.cs = SolutionVersion.cs
	EndProjectSection
EndProject
Project("{FAE04EC0-301F-11D3-BF4B-00C04F79EFBC}") = "Polly.Net40", "src\Polly.Net40\Polly.Net40.csproj", "{DDF727EC-6496-44F9-ABD3-2EE4562AE685}"
EndProject
Project("{FAE04EC0-301F-11D3-BF4B-00C04F79EFBC}") = "Polly.Specs", "src\Polly.Specs\Polly.Specs.csproj", "{E4D27387-35FF-48BB-8C7A-6D30BE9FFA11}"
EndProject
Project("{2150E333-8FDC-42A3-9474-1A3956D46DE8}") = ".nuget", ".nuget", "{DBE00DB3-C0E8-4E42-AF5A-5ECC1EA50041}"
	ProjectSection(SolutionItems) = preProject
		.nuget\NuGet.Config = .nuget\NuGet.Config
		.nuget\NuGet.exe = .nuget\NuGet.exe
		.nuget\NuGet.targets = .nuget\NuGet.targets
	EndProjectSection
EndProject
Project("{FAE04EC0-301F-11D3-BF4B-00C04F79EFBC}") = "Polly.Net45", "src\Polly.Net45\Polly.Net45.csproj", "{29265540-F724-4324-9321-643A0FCB133F}"
EndProject
Project("{FAE04EC0-301F-11D3-BF4B-00C04F79EFBC}") = "Polly.Pcl", "src\Polly.Pcl\Polly.Pcl.csproj", "{905CF38A-BE90-4234-BF15-2FCFD1973A9C}"
EndProject
Project("{8BB2217D-0F2D-49D1-97BC-3654ED321F3B}") = "Polly.AspNet5", "src\Polly.AspNet5\Polly.AspNet5.xproj", "{7E4A77B5-EECC-4EB9-9030-6DF16E385F87}"
EndProject
Global
	GlobalSection(SolutionConfigurationPlatforms) = preSolution
		Debug|Any CPU = Debug|Any CPU
		Release|Any CPU = Release|Any CPU
	EndGlobalSection
	GlobalSection(ProjectConfigurationPlatforms) = postSolution
		{839C8F41-292D-486C-815B-ACE7F03467E3}.Debug|Any CPU.ActiveCfg = Debug|Any CPU
		{839C8F41-292D-486C-815B-ACE7F03467E3}.Debug|Any CPU.Build.0 = Debug|Any CPU
		{839C8F41-292D-486C-815B-ACE7F03467E3}.Release|Any CPU.ActiveCfg = Release|Any CPU
		{839C8F41-292D-486C-815B-ACE7F03467E3}.Release|Any CPU.Build.0 = Release|Any CPU
		{DDF727EC-6496-44F9-ABD3-2EE4562AE685}.Debug|Any CPU.ActiveCfg = Debug|Any CPU
		{DDF727EC-6496-44F9-ABD3-2EE4562AE685}.Debug|Any CPU.Build.0 = Debug|Any CPU
		{DDF727EC-6496-44F9-ABD3-2EE4562AE685}.Release|Any CPU.ActiveCfg = Release|Any CPU
		{DDF727EC-6496-44F9-ABD3-2EE4562AE685}.Release|Any CPU.Build.0 = Release|Any CPU
		{E4D27387-35FF-48BB-8C7A-6D30BE9FFA11}.Debug|Any CPU.ActiveCfg = Debug|Any CPU
		{E4D27387-35FF-48BB-8C7A-6D30BE9FFA11}.Debug|Any CPU.Build.0 = Debug|Any CPU
		{E4D27387-35FF-48BB-8C7A-6D30BE9FFA11}.Release|Any CPU.ActiveCfg = Release|Any CPU
		{E4D27387-35FF-48BB-8C7A-6D30BE9FFA11}.Release|Any CPU.Build.0 = Release|Any CPU
		{29265540-F724-4324-9321-643A0FCB133F}.Debug|Any CPU.ActiveCfg = Debug|Any CPU
		{29265540-F724-4324-9321-643A0FCB133F}.Debug|Any CPU.Build.0 = Debug|Any CPU
		{29265540-F724-4324-9321-643A0FCB133F}.Release|Any CPU.ActiveCfg = Release|Any CPU
		{29265540-F724-4324-9321-643A0FCB133F}.Release|Any CPU.Build.0 = Release|Any CPU
		{905CF38A-BE90-4234-BF15-2FCFD1973A9C}.Debug|Any CPU.ActiveCfg = Debug|Any CPU
		{905CF38A-BE90-4234-BF15-2FCFD1973A9C}.Debug|Any CPU.Build.0 = Debug|Any CPU
		{905CF38A-BE90-4234-BF15-2FCFD1973A9C}.Release|Any CPU.ActiveCfg = Release|Any CPU
		{905CF38A-BE90-4234-BF15-2FCFD1973A9C}.Release|Any CPU.Build.0 = Release|Any CPU
		{7E4A77B5-EECC-4EB9-9030-6DF16E385F87}.Debug|Any CPU.ActiveCfg = Debug|Any CPU
		{7E4A77B5-EECC-4EB9-9030-6DF16E385F87}.Debug|Any CPU.Build.0 = Debug|Any CPU
		{7E4A77B5-EECC-4EB9-9030-6DF16E385F87}.Release|Any CPU.ActiveCfg = Release|Any CPU
		{7E4A77B5-EECC-4EB9-9030-6DF16E385F87}.Release|Any CPU.Build.0 = Release|Any CPU
	EndGlobalSection
	GlobalSection(SolutionProperties) = preSolution
		HideSolutionNode = FALSE
	EndGlobalSection
EndGlobal
