
Microsoft Visual Studio Solution File, Format Version 12.00
# Visual Studio 14
VisualStudioVersion = 14.0.23107.0
MinimumVisualStudioVersion = 10.0.40219.1
Project("{2150E333-8FDC-42A3-9474-1A3956D46DE8}") = "Solution Items", "Solution Items", "{79FE9DBE-1155-4F78-A41F-FE95DEFA19DD}"
	ProjectSection(SolutionItems) = preProject
		global.json = global.json
		GlobalAssemblyInfo.cs = GlobalAssemblyInfo.cs
		Polly.nuspec = Polly.nuspec
	EndProjectSection
EndProject
Project("{D954291E-2A0B-460D-934E-DC6B0785DB48}") = "Polly.SharedSpecs", "Polly.SharedSpecs\Polly.SharedSpecs.shproj", "{8D537C37-A4A2-4BE1-84BC-34F1AFB51CA8}"
EndProject
Project("{FAE04EC0-301F-11D3-BF4B-00C04F79EFBC}") = "Polly.Net45.Specs", "Polly.Net45.Specs\Polly.Net45.Specs.csproj", "{5F2BD87D-A7ED-433D-B7E3-F3072D07C1DC}"
EndProject
Project("{FAE04EC0-301F-11D3-BF4B-00C04F79EFBC}") = "Polly.Pcl.Specs", "Polly.Pcl.Specs\Polly.Pcl.Specs.csproj", "{4AB46D16-0806-4F51-8677-D849BA87CB05}"
EndProject
Project("{8BB2217D-0F2D-49D1-97BC-3654ED321F3B}") = "Polly.Shared", "Polly.Shared\Polly.Shared.xproj", "{AB1C89E9-D2DD-43A8-970D-B2E637844D52}"
EndProject
Project("{8BB2217D-0F2D-49D1-97BC-3654ED321F3B}") = "Polly.DnxCore50.Specs", "Polly.SharedSpecs\Polly.DnxCore50.Specs.xproj", "{647470D9-725D-4D1C-AFC2-89F25AA83670}"
EndProject
Global
	GlobalSection(SharedMSBuildProjectFiles) = preSolution
		Polly.SharedSpecs\Polly.SharedSpecs.projitems*{4ab46d16-0806-4f51-8677-d849ba87cb05}*SharedItemsImports = 4
		Polly.SharedSpecs\Polly.SharedSpecs.projitems*{5f2bd87d-a7ed-433d-b7e3-f3072d07c1dc}*SharedItemsImports = 4
		Polly.SharedSpecs\Polly.SharedSpecs.projitems*{8d537c37-a4a2-4be1-84bc-34f1afb51ca8}*SharedItemsImports = 13
	EndGlobalSection
	GlobalSection(SolutionConfigurationPlatforms) = preSolution
		Debug|Any CPU = Debug|Any CPU
		Release|Any CPU = Release|Any CPU
	EndGlobalSection
	GlobalSection(ProjectConfigurationPlatforms) = postSolution
		{5F2BD87D-A7ED-433D-B7E3-F3072D07C1DC}.Debug|Any CPU.ActiveCfg = Debug|Any CPU
		{5F2BD87D-A7ED-433D-B7E3-F3072D07C1DC}.Debug|Any CPU.Build.0 = Debug|Any CPU
		{5F2BD87D-A7ED-433D-B7E3-F3072D07C1DC}.Release|Any CPU.ActiveCfg = Release|Any CPU
		{5F2BD87D-A7ED-433D-B7E3-F3072D07C1DC}.Release|Any CPU.Build.0 = Release|Any CPU
		{4AB46D16-0806-4F51-8677-D849BA87CB05}.Debug|Any CPU.ActiveCfg = Debug|Any CPU
		{4AB46D16-0806-4F51-8677-D849BA87CB05}.Debug|Any CPU.Build.0 = Debug|Any CPU
		{4AB46D16-0806-4F51-8677-D849BA87CB05}.Release|Any CPU.ActiveCfg = Release|Any CPU
		{4AB46D16-0806-4F51-8677-D849BA87CB05}.Release|Any CPU.Build.0 = Release|Any CPU
		{AB1C89E9-D2DD-43A8-970D-B2E637844D52}.Debug|Any CPU.ActiveCfg = Debug|Any CPU
		{AB1C89E9-D2DD-43A8-970D-B2E637844D52}.Debug|Any CPU.Build.0 = Debug|Any CPU
		{AB1C89E9-D2DD-43A8-970D-B2E637844D52}.Release|Any CPU.ActiveCfg = Release|Any CPU
		{AB1C89E9-D2DD-43A8-970D-B2E637844D52}.Release|Any CPU.Build.0 = Release|Any CPU
		{647470D9-725D-4D1C-AFC2-89F25AA83670}.Debug|Any CPU.ActiveCfg = Debug|Any CPU
		{647470D9-725D-4D1C-AFC2-89F25AA83670}.Debug|Any CPU.Build.0 = Debug|Any CPU
		{647470D9-725D-4D1C-AFC2-89F25AA83670}.Release|Any CPU.ActiveCfg = Release|Any CPU
		{647470D9-725D-4D1C-AFC2-89F25AA83670}.Release|Any CPU.Build.0 = Release|Any CPU
	EndGlobalSection
	GlobalSection(SolutionProperties) = preSolution
		HideSolutionNode = FALSE
	EndGlobalSection
EndGlobal
