
Microsoft Visual Studio Solution File, Format Version 12.00
# Visual Studio 15
VisualStudioVersion = 15.0.26430.16
MinimumVisualStudioVersion = 10.0.40219.1
Project("{2150E333-8FDC-42A3-9474-1A3956D46DE8}") = "Solution Items", "Solution Items", "{79FE9DBE-1155-4F78-A41F-FE95DEFA19DD}"
	ProjectSection(SolutionItems) = preProject
		GlobalAssemblyInfo.cs = GlobalAssemblyInfo.cs
		Polly.nuspec = Polly.nuspec
	EndProjectSection
EndProject
Project("{D954291E-2A0B-460D-934E-DC6B0785DB48}") = "Polly.Shared", "Polly.Shared\Polly.Shared.shproj", "{23FA87F9-C77D-4C67-A0B0-2901DE51B3FF}"
EndProject
Project("{D954291E-2A0B-460D-934E-DC6B0785DB48}") = "Polly.SharedSpecs", "Polly.SharedSpecs\Polly.SharedSpecs.shproj", "{8D537C37-A4A2-4BE1-84BC-34F1AFB51CA8}"
EndProject
Project("{9A19103F-16F7-4668-BE54-9A1E7A4F7556}") = "Polly.NetStandard11", "Polly.NetStandard11\Polly.NetStandard11.csproj", "{5017174E-DAC5-4408-AB15-1F902F40C612}"
EndProject
Project("{9A19103F-16F7-4668-BE54-9A1E7A4F7556}") = "Polly.NetStandard11.Specs", "Polly.NetStandard11.Specs\Polly.NetStandard11.Specs.csproj", "{615C92EC-5921-40F4-A690-C66B1587C08E}"
EndProject
Project("{FAE04EC0-301F-11D3-BF4B-00C04F79EFBC}") = "Polly.NetStandard20", "Polly.NetStandard20\Polly.NetStandard20.csproj", "{E43A312E-3324-4DB3-8707-6F2335F66CD1}"
EndProject
Project("{FAE04EC0-301F-11D3-BF4B-00C04F79EFBC}") = "Polly.NetStandard20.Specs", "Polly.NetStandard20.Specs\Polly.NetStandard20.Specs.csproj", "{AD51A3D7-01A9-4E41-966B-1A7BAA38A261}"
EndProject
Global
	GlobalSection(SharedMSBuildProjectFiles) = preSolution
		Polly.Shared\Polly.Shared.projitems*{23fa87f9-c77d-4c67-a0b0-2901de51b3ff}*SharedItemsImports = 13
		Polly.Shared\Polly.Shared.projitems*{5017174e-dac5-4408-ab15-1f902f40c612}*SharedItemsImports = 4
		Polly.SharedSpecs\Polly.SharedSpecs.projitems*{8d537c37-a4a2-4be1-84bc-34f1afb51ca8}*SharedItemsImports = 13
	EndGlobalSection
	GlobalSection(SolutionConfigurationPlatforms) = preSolution
		Debug|Any CPU = Debug|Any CPU
		Release|Any CPU = Release|Any CPU
	EndGlobalSection
	GlobalSection(ProjectConfigurationPlatforms) = postSolution
		{5017174E-DAC5-4408-AB15-1F902F40C612}.Debug|Any CPU.ActiveCfg = Debug|Any CPU
		{5017174E-DAC5-4408-AB15-1F902F40C612}.Debug|Any CPU.Build.0 = Debug|Any CPU
		{5017174E-DAC5-4408-AB15-1F902F40C612}.Release|Any CPU.ActiveCfg = Release|Any CPU
		{5017174E-DAC5-4408-AB15-1F902F40C612}.Release|Any CPU.Build.0 = Release|Any CPU
		{615C92EC-5921-40F4-A690-C66B1587C08E}.Debug|Any CPU.ActiveCfg = Debug|Any CPU
		{615C92EC-5921-40F4-A690-C66B1587C08E}.Debug|Any CPU.Build.0 = Debug|Any CPU
		{615C92EC-5921-40F4-A690-C66B1587C08E}.Release|Any CPU.ActiveCfg = Release|Any CPU
		{615C92EC-5921-40F4-A690-C66B1587C08E}.Release|Any CPU.Build.0 = Release|Any CPU
		{E43A312E-3324-4DB3-8707-6F2335F66CD1}.Debug|Any CPU.ActiveCfg = Debug|Any CPU
		{E43A312E-3324-4DB3-8707-6F2335F66CD1}.Debug|Any CPU.Build.0 = Debug|Any CPU
		{E43A312E-3324-4DB3-8707-6F2335F66CD1}.Release|Any CPU.ActiveCfg = Release|Any CPU
		{E43A312E-3324-4DB3-8707-6F2335F66CD1}.Release|Any CPU.Build.0 = Release|Any CPU
		{AD51A3D7-01A9-4E41-966B-1A7BAA38A261}.Debug|Any CPU.ActiveCfg = Debug|Any CPU
		{AD51A3D7-01A9-4E41-966B-1A7BAA38A261}.Debug|Any CPU.Build.0 = Debug|Any CPU
		{AD51A3D7-01A9-4E41-966B-1A7BAA38A261}.Release|Any CPU.ActiveCfg = Release|Any CPU
		{AD51A3D7-01A9-4E41-966B-1A7BAA38A261}.Release|Any CPU.Build.0 = Release|Any CPU
	EndGlobalSection
	GlobalSection(SolutionProperties) = preSolution
		HideSolutionNode = FALSE
	EndGlobalSection
	GlobalSection(ExtensibilityGlobals) = postSolution
		SolutionGuid = {2E5D54CD-770A-4345-B585-1848FC2EA6F4}
	EndGlobalSection
EndGlobal
